PODS:
  - NVActivityIndicatorView (4.8.0):
    - NVActivityIndicatorView/Presenter (= 4.8.0)
  - NVActivityIndicatorView/Presenter (4.8.0)
  - PandaSDK (0.0.33):
    - NVActivityIndicatorView (~> 4.8.0)

DEPENDENCIES:
  - PandaSDK (from `../`)

SPEC REPOS:
  trunk:
    - NVActivityIndicatorView

EXTERNAL SOURCES:
  PandaSDK:
    :path: "../"

SPEC CHECKSUMS:
  NVActivityIndicatorView: d24b7ebcf80af5dcd994adb650e2b6c93379270f
  PandaSDK: aadf20bef8df50de0655487785f50a05c444cafc

PODFILE CHECKSUM: f019dbde3781effb4af1f9f143ffa62cb6733f7c

COCOAPODS: 1.10.0
