PODS:
  - NVActivityIndicatorView (4.8.0):
    - NVActivityIndicatorView/Presenter (= 4.8.0)
  - NVActivityIndicatorView/Presenter (4.8.0)
  - PandaSDK (0.0.5):
    - NVActivityIndicatorView (~> 4.8.0)

DEPENDENCIES:
  - PandaSDK (from `../`)

SPEC REPOS:
  trunk:
    - NVActivityIndicatorView

EXTERNAL SOURCES:
  PandaSDK:
    :path: "../"

SPEC CHECKSUMS:
  NVActivityIndicatorView: d24b7ebcf80af5dcd994adb650e2b6c93379270f
  PandaSDK: 5a7e59f132fd51b6f889e6b1cdc84f1478316902

PODFILE CHECKSUM: 34c36e2ef7aca4f8b381b94a433dee1457e3b773

COCOAPODS: 1.9.3
