// !$*UTF8*$!
{
	archiveVersion = 1;
	classes = {
	};
	objectVersion = 50;
	objects = {

/* Begin PBXBuildFile section */
		320263A0FC1022665AC5C0FC /* libPods-Example.a in Frameworks */ = {isa = PBXBuildFile; fileRef = 3E11BF82863EB9B3A60E39F3 /* libPods-Example.a */; };
		CD54BB1024B4DFAC00F3BA90 /* PandaSDK-Info.plist in Resources */ = {isa = PBXBuildFile; fileRef = CD54BB0F24B4DFAC00F3BA90 /* PandaSDK-Info.plist */; };
		CDE8257524AE2D9300824F65 /* AppDelegate.swift in Sources */ = {isa = PBXBuildFile; fileRef = CDE8257424AE2D9300824F65 /* AppDelegate.swift */; };
		CDE8257924AE2D9300824F65 /* ViewController.swift in Sources */ = {isa = PBXBuildFile; fileRef = CDE8257824AE2D9300824F65 /* ViewController.swift */; };
		CDE8257C24AE2D9300824F65 /* Main.storyboard in Resources */ = {isa = PBXBuildFile; fileRef = CDE8257A24AE2D9300824F65 /* Main.storyboard */; };
		CDE8257E24AE2D9500824F65 /* Assets.xcassets in Resources */ = {isa = PBXBuildFile; fileRef = CDE8257D24AE2D9500824F65 /* Assets.xcassets */; };
		CDE8258124AE2D9500824F65 /* LaunchScreen.storyboard in Resources */ = {isa = PBXBuildFile; fileRef = CDE8257F24AE2D9500824F65 /* LaunchScreen.storyboard */; };
		CDED5C4124C5DE17008E0EDE /* PandaSDK-Default.html in Resources */ = {isa = PBXBuildFile; fileRef = CDED5C4024C5DE17008E0EDE /* PandaSDK-Default.html */; };
/* End PBXBuildFile section */

/* Begin PBXFileReference section */
		1196ABF48ADE9D306D74C393 /* Pods-Example.debug.xcconfig */ = {isa = PBXFileReference; includeInIndex = 1; lastKnownFileType = text.xcconfig; name = "Pods-Example.debug.xcconfig"; path = "Target Support Files/Pods-Example/Pods-Example.debug.xcconfig"; sourceTree = "<group>"; };
		3E11BF82863EB9B3A60E39F3 /* libPods-Example.a */ = {isa = PBXFileReference; explicitFileType = archive.ar; includeInIndex = 0; path = "libPods-Example.a"; sourceTree = BUILT_PRODUCTS_DIR; };
		B8333C30C947FA7703716BED /* Pods-Example.release.xcconfig */ = {isa = PBXFileReference; includeInIndex = 1; lastKnownFileType = text.xcconfig; name = "Pods-Example.release.xcconfig"; path = "Target Support Files/Pods-Example/Pods-Example.release.xcconfig"; sourceTree = "<group>"; };
		CD54BB0F24B4DFAC00F3BA90 /* PandaSDK-Info.plist */ = {isa = PBXFileReference; fileEncoding = 4; lastKnownFileType = text.plist.xml; path = "PandaSDK-Info.plist"; sourceTree = "<group>"; };
		CDE8257124AE2D9300824F65 /* PandaSDK Example.app */ = {isa = PBXFileReference; explicitFileType = wrapper.application; includeInIndex = 0; path = "PandaSDK Example.app"; sourceTree = BUILT_PRODUCTS_DIR; };
		CDE8257424AE2D9300824F65 /* AppDelegate.swift */ = {isa = PBXFileReference; lastKnownFileType = sourcecode.swift; path = AppDelegate.swift; sourceTree = "<group>"; };
		CDE8257824AE2D9300824F65 /* ViewController.swift */ = {isa = PBXFileReference; lastKnownFileType = sourcecode.swift; path = ViewController.swift; sourceTree = "<group>"; };
		CDE8257B24AE2D9300824F65 /* Base */ = {isa = PBXFileReference; lastKnownFileType = file.storyboard; name = Base; path = Base.lproj/Main.storyboard; sourceTree = "<group>"; };
		CDE8257D24AE2D9500824F65 /* Assets.xcassets */ = {isa = PBXFileReference; lastKnownFileType = folder.assetcatalog; path = Assets.xcassets; sourceTree = "<group>"; };
		CDE8258024AE2D9500824F65 /* Base */ = {isa = PBXFileReference; lastKnownFileType = file.storyboard; name = Base; path = Base.lproj/LaunchScreen.storyboard; sourceTree = "<group>"; };
		CDE8258224AE2D9500824F65 /* Info.plist */ = {isa = PBXFileReference; lastKnownFileType = text.plist.xml; path = Info.plist; sourceTree = "<group>"; };
		CDED5C4024C5DE17008E0EDE /* PandaSDK-Default.html */ = {isa = PBXFileReference; fileEncoding = 4; lastKnownFileType = text.html; path = "PandaSDK-Default.html"; sourceTree = "<group>"; };
/* End PBXFileReference section */

/* Begin PBXFrameworksBuildPhase section */
		CDE8256E24AE2D9300824F65 /* Frameworks */ = {
			isa = PBXFrameworksBuildPhase;
			buildActionMask = 2147483647;
			files = (
				320263A0FC1022665AC5C0FC /* libPods-Example.a in Frameworks */,
			);
			runOnlyForDeploymentPostprocessing = 0;
		};
/* End PBXFrameworksBuildPhase section */

/* Begin PBXGroup section */
		36D8546FDA971D187310A11F /* Pods */ = {
			isa = PBXGroup;
			children = (
				1196ABF48ADE9D306D74C393 /* Pods-Example.debug.xcconfig */,
				B8333C30C947FA7703716BED /* Pods-Example.release.xcconfig */,
			);
			path = Pods;
			sourceTree = "<group>";
		};
		410AA84BE0896B16537AB712 /* Frameworks */ = {
			isa = PBXGroup;
			children = (
				3E11BF82863EB9B3A60E39F3 /* libPods-Example.a */,
			);
			name = Frameworks;
			sourceTree = "<group>";
		};
		CDE8256824AE2D9300824F65 = {
			isa = PBXGroup;
			children = (
				CDE8257324AE2D9300824F65 /* Example */,
				CDE8257224AE2D9300824F65 /* Products */,
				36D8546FDA971D187310A11F /* Pods */,
				410AA84BE0896B16537AB712 /* Frameworks */,
			);
			sourceTree = "<group>";
		};
		CDE8257224AE2D9300824F65 /* Products */ = {
			isa = PBXGroup;
			children = (
				CDE8257124AE2D9300824F65 /* PandaSDK Example.app */,
			);
			name = Products;
			sourceTree = "<group>";
		};
		CDE8257324AE2D9300824F65 /* Example */ = {
			isa = PBXGroup;
			children = (
				CDED5C4024C5DE17008E0EDE /* PandaSDK-Default.html */,
				CD54BB0F24B4DFAC00F3BA90 /* PandaSDK-Info.plist */,
				CDE8257424AE2D9300824F65 /* AppDelegate.swift */,
				CDE8257824AE2D9300824F65 /* ViewController.swift */,
				CDE8257A24AE2D9300824F65 /* Main.storyboard */,
				CDE8257D24AE2D9500824F65 /* Assets.xcassets */,
				CDE8257F24AE2D9500824F65 /* LaunchScreen.storyboard */,
				CDE8258224AE2D9500824F65 /* Info.plist */,
			);
			path = Example;
			sourceTree = "<group>";
		};
/* End PBXGroup section */

/* Begin PBXNativeTarget section */
		CDE8257024AE2D9300824F65 /* Example */ = {
			isa = PBXNativeTarget;
			buildConfigurationList = CDE8258524AE2D9500824F65 /* Build configuration list for PBXNativeTarget "Example" */;
			buildPhases = (
				C47E88CA03E58EE4C385AA2A /* [CP] Check Pods Manifest.lock */,
				CDE8256D24AE2D9300824F65 /* Sources */,
				CDE8256E24AE2D9300824F65 /* Frameworks */,
				CDE8256F24AE2D9300824F65 /* Resources */,
			);
			buildRules = (
			);
			dependencies = (
			);
			name = Example;
			productName = Example;
			productReference = CDE8257124AE2D9300824F65 /* PandaSDK Example.app */;
			productType = "com.apple.product-type.application";
		};
/* End PBXNativeTarget section */

/* Begin PBXProject section */
		CDE8256924AE2D9300824F65 /* Project object */ = {
			isa = PBXProject;
			attributes = {
				LastSwiftUpdateCheck = 1150;
				LastUpgradeCheck = 1200;
				ORGANIZATIONNAME = PandaSDK;
				TargetAttributes = {
					CDE8257024AE2D9300824F65 = {
						CreatedOnToolsVersion = 11.5;
					};
				};
			};
			buildConfigurationList = CDE8256C24AE2D9300824F65 /* Build configuration list for PBXProject "Example" */;
			compatibilityVersion = "Xcode 9.3";
			developmentRegion = en;
			hasScannedForEncodings = 0;
			knownRegions = (
				en,
				Base,
			);
			mainGroup = CDE8256824AE2D9300824F65;
			productRefGroup = CDE8257224AE2D9300824F65 /* Products */;
			projectDirPath = "";
			projectRoot = "";
			targets = (
				CDE8257024AE2D9300824F65 /* Example */,
			);
		};
/* End PBXProject section */

/* Begin PBXResourcesBuildPhase section */
		CDE8256F24AE2D9300824F65 /* Resources */ = {
			isa = PBXResourcesBuildPhase;
			buildActionMask = 2147483647;
			files = (
				CD54BB1024B4DFAC00F3BA90 /* PandaSDK-Info.plist in Resources */,
				CDE8258124AE2D9500824F65 /* LaunchScreen.storyboard in Resources */,
				CDE8257E24AE2D9500824F65 /* Assets.xcassets in Resources */,
				CDE8257C24AE2D9300824F65 /* Main.storyboard in Resources */,
				CDED5C4124C5DE17008E0EDE /* PandaSDK-Default.html in Resources */,
			);
			runOnlyForDeploymentPostprocessing = 0;
		};
/* End PBXResourcesBuildPhase section */

/* Begin PBXShellScriptBuildPhase section */
		C47E88CA03E58EE4C385AA2A /* [CP] Check Pods Manifest.lock */ = {
			isa = PBXShellScriptBuildPhase;
			buildActionMask = 2147483647;
			files = (
			);
			inputFileListPaths = (
			);
			inputPaths = (
				"${PODS_PODFILE_DIR_PATH}/Podfile.lock",
				"${PODS_ROOT}/Manifest.lock",
			);
			name = "[CP] Check Pods Manifest.lock";
			outputFileListPaths = (
			);
			outputPaths = (
				"$(DERIVED_FILE_DIR)/Pods-Example-checkManifestLockResult.txt",
			);
			runOnlyForDeploymentPostprocessing = 0;
			shellPath = /bin/sh;
			shellScript = "diff \"${PODS_PODFILE_DIR_PATH}/Podfile.lock\" \"${PODS_ROOT}/Manifest.lock\" > /dev/null\nif [ $? != 0 ] ; then\n    # print error to STDERR\n    echo \"error: The sandbox is not in sync with the Podfile.lock. Run 'pod install' or update your CocoaPods installation.\" >&2\n    exit 1\nfi\n# This output is used by Xcode 'outputs' to avoid re-running this script phase.\necho \"SUCCESS\" > \"${SCRIPT_OUTPUT_FILE_0}\"\n";
			showEnvVarsInLog = 0;
		};
/* End PBXShellScriptBuildPhase section */

/* Begin PBXSourcesBuildPhase section */
		CDE8256D24AE2D9300824F65 /* Sources */ = {
			isa = PBXSourcesBuildPhase;
			buildActionMask = 2147483647;
			files = (
				CDE8257924AE2D9300824F65 /* ViewController.swift in Sources */,
				CDE8257524AE2D9300824F65 /* AppDelegate.swift in Sources */,
			);
			runOnlyForDeploymentPostprocessing = 0;
		};
/* End PBXSourcesBuildPhase section */

/* Begin PBXVariantGroup section */
		CDE8257A24AE2D9300824F65 /* Main.storyboard */ = {
			isa = PBXVariantGroup;
			children = (
				CDE8257B24AE2D9300824F65 /* Base */,
			);
			name = Main.storyboard;
			sourceTree = "<group>";
		};
		CDE8257F24AE2D9500824F65 /* LaunchScreen.storyboard */ = {
			isa = PBXVariantGroup;
			children = (
				CDE8258024AE2D9500824F65 /* Base */,
			);
			name = LaunchScreen.storyboard;
			sourceTree = "<group>";
		};
/* End PBXVariantGroup section */

/* Begin XCBuildConfiguration section */
		CDE8258324AE2D9500824F65 /* Debug */ = {
			isa = XCBuildConfiguration;
			buildSettings = {
				ALWAYS_SEARCH_USER_PATHS = NO;
				CLANG_ANALYZER_NONNULL = YES;
				CLANG_ANALYZER_NUMBER_OBJECT_CONVERSION = YES_AGGRESSIVE;
				CLANG_CXX_LANGUAGE_STANDARD = "gnu++14";
				CLANG_CXX_LIBRARY = "libc++";
				CLANG_ENABLE_MODULES = YES;
				CLANG_ENABLE_OBJC_ARC = YES;
				CLANG_ENABLE_OBJC_WEAK = YES;
				CLANG_WARN_BLOCK_CAPTURE_AUTORELEASING = YES;
				CLANG_WARN_BOOL_CONVERSION = YES;
				CLANG_WARN_COMMA = YES;
				CLANG_WARN_CONSTANT_CONVERSION = YES;
				CLANG_WARN_DEPRECATED_OBJC_IMPLEMENTATIONS = YES;
				CLANG_WARN_DIRECT_OBJC_ISA_USAGE = YES_ERROR;
				CLANG_WARN_DOCUMENTATION_COMMENTS = YES;
				CLANG_WARN_EMPTY_BODY = YES;
				CLANG_WARN_ENUM_CONVERSION = YES;
				CLANG_WARN_INFINITE_RECURSION = YES;
				CLANG_WARN_INT_CONVERSION = YES;
				CLANG_WARN_NON_LITERAL_NULL_CONVERSION = YES;
				CLANG_WARN_OBJC_IMPLICIT_RETAIN_SELF = YES;
				CLANG_WARN_OBJC_LITERAL_CONVERSION = YES;
				CLANG_WARN_OBJC_ROOT_CLASS = YES_ERROR;
				CLANG_WARN_QUOTED_INCLUDE_IN_FRAMEWORK_HEADER = YES;
				CLANG_WARN_RANGE_LOOP_ANALYSIS = YES;
				CLANG_WARN_STRICT_PROTOTYPES = YES;
				CLANG_WARN_SUSPICIOUS_MOVE = YES;
				CLANG_WARN_UNGUARDED_AVAILABILITY = YES_AGGRESSIVE;
				CLANG_WARN_UNREACHABLE_CODE = YES;
				CLANG_WARN__DUPLICATE_METHOD_MATCH = YES;
				COPY_PHASE_STRIP = NO;
				DEBUG_INFORMATION_FORMAT = dwarf;
				ENABLE_STRICT_OBJC_MSGSEND = YES;
				ENABLE_TESTABILITY = YES;
				GCC_C_LANGUAGE_STANDARD = gnu11;
				GCC_DYNAMIC_NO_PIC = NO;
				GCC_NO_COMMON_BLOCKS = YES;
				GCC_OPTIMIZATION_LEVEL = 0;
				GCC_PREPROCESSOR_DEFINITIONS = (
					"DEBUG=1",
					"$(inherited)",
				);
				GCC_WARN_64_TO_32_BIT_CONVERSION = YES;
				GCC_WARN_ABOUT_RETURN_TYPE = YES_ERROR;
				GCC_WARN_UNDECLARED_SELECTOR = YES;
				GCC_WARN_UNINITIALIZED_AUTOS = YES_AGGRESSIVE;
				GCC_WARN_UNUSED_FUNCTION = YES;
				GCC_WARN_UNUSED_VARIABLE = YES;
				IPHONEOS_DEPLOYMENT_TARGET = 13.5;
				MTL_ENABLE_DEBUG_INFO = INCLUDE_SOURCE;
				MTL_FAST_MATH = YES;
				ONLY_ACTIVE_ARCH = YES;
				SDKROOT = iphoneos;
				SWIFT_ACTIVE_COMPILATION_CONDITIONS = DEBUG;
				SWIFT_OPTIMIZATION_LEVEL = "-Onone";
			};
			name = Debug;
		};
		CDE8258424AE2D9500824F65 /* Release */ = {
			isa = XCBuildConfiguration;
			buildSettings = {
				ALWAYS_SEARCH_USER_PATHS = NO;
				CLANG_ANALYZER_NONNULL = YES;
				CLANG_ANALYZER_NUMBER_OBJECT_CONVERSION = YES_AGGRESSIVE;
				CLANG_CXX_LANGUAGE_STANDARD = "gnu++14";
				CLANG_CXX_LIBRARY = "libc++";
				CLANG_ENABLE_MODULES = YES;
				CLANG_ENABLE_OBJC_ARC = YES;
				CLANG_ENABLE_OBJC_WEAK = YES;
				CLANG_WARN_BLOCK_CAPTURE_AUTORELEASING = YES;
				CLANG_WARN_BOOL_CONVERSION = YES;
				CLANG_WARN_COMMA = YES;
				CLANG_WARN_CONSTANT_CONVERSION = YES;
				CLANG_WARN_DEPRECATED_OBJC_IMPLEMENTATIONS = YES;
				CLANG_WARN_DIRECT_OBJC_ISA_USAGE = YES_ERROR;
				CLANG_WARN_DOCUMENTATION_COMMENTS = YES;
				CLANG_WARN_EMPTY_BODY = YES;
				CLANG_WARN_ENUM_CONVERSION = YES;
				CLANG_WARN_INFINITE_RECURSION = YES;
				CLANG_WARN_INT_CONVERSION = YES;
				CLANG_WARN_NON_LITERAL_NULL_CONVERSION = YES;
				CLANG_WARN_OBJC_IMPLICIT_RETAIN_SELF = YES;
				CLANG_WARN_OBJC_LITERAL_CONVERSION = YES;
				CLANG_WARN_OBJC_ROOT_CLASS = YES_ERROR;
				CLANG_WARN_QUOTED_INCLUDE_IN_FRAMEWORK_HEADER = YES;
				CLANG_WARN_RANGE_LOOP_ANALYSIS = YES;
				CLANG_WARN_STRICT_PROTOTYPES = YES;
				CLANG_WARN_SUSPICIOUS_MOVE = YES;
				CLANG_WARN_UNGUARDED_AVAILABILITY = YES_AGGRESSIVE;
				CLANG_WARN_UNREACHABLE_CODE = YES;
				CLANG_WARN__DUPLICATE_METHOD_MATCH = YES;
				COPY_PHASE_STRIP = NO;
				DEBUG_INFORMATION_FORMAT = "dwarf-with-dsym";
				ENABLE_NS_ASSERTIONS = NO;
				ENABLE_STRICT_OBJC_MSGSEND = YES;
				GCC_C_LANGUAGE_STANDARD = gnu11;
				GCC_NO_COMMON_BLOCKS = YES;
				GCC_WARN_64_TO_32_BIT_CONVERSION = YES;
				GCC_WARN_ABOUT_RETURN_TYPE = YES_ERROR;
				GCC_WARN_UNDECLARED_SELECTOR = YES;
				GCC_WARN_UNINITIALIZED_AUTOS = YES_AGGRESSIVE;
				GCC_WARN_UNUSED_FUNCTION = YES;
				GCC_WARN_UNUSED_VARIABLE = YES;
				IPHONEOS_DEPLOYMENT_TARGET = 13.5;
				MTL_ENABLE_DEBUG_INFO = NO;
				MTL_FAST_MATH = YES;
				SDKROOT = iphoneos;
				SWIFT_COMPILATION_MODE = wholemodule;
				SWIFT_OPTIMIZATION_LEVEL = "-O";
				VALIDATE_PRODUCT = YES;
			};
			name = Release;
		};
		CDE8258624AE2D9500824F65 /* Debug */ = {
			isa = XCBuildConfiguration;
			baseConfigurationReference = 1196ABF48ADE9D306D74C393 /* Pods-Example.debug.xcconfig */;
			buildSettings = {
				ASSETCATALOG_COMPILER_APPICON_NAME = AppIcon;
				CODE_SIGN_STYLE = Automatic;
				DEVELOPMENT_TEAM = 2KWDA2KJF4;
				INFOPLIST_FILE = Example/Info.plist;
				IPHONEOS_DEPLOYMENT_TARGET = 11.2;
				LD_RUNPATH_SEARCH_PATHS = (
					"$(inherited)",
					"@executable_path/Frameworks",
				);
				PRODUCT_BUNDLE_IDENTIFIER = com.pandasdk.Example;
				PRODUCT_NAME = "PandaSDK Example";
				SWIFT_VERSION = 5.0;
				TARGETED_DEVICE_FAMILY = "1,2";
			};
			name = Debug;
		};
		CDE8258724AE2D9500824F65 /* Release */ = {
			isa = XCBuildConfiguration;
			baseConfigurationReference = B8333C30C947FA7703716BED /* Pods-Example.release.xcconfig */;
			buildSettings = {
				ASSETCATALOG_COMPILER_APPICON_NAME = AppIcon;
				CODE_SIGN_STYLE = Automatic;
				DEVELOPMENT_TEAM = 2KWDA2KJF4;
				INFOPLIST_FILE = Example/Info.plist;
				IPHONEOS_DEPLOYMENT_TARGET = 11.2;
				LD_RUNPATH_SEARCH_PATHS = (
					"$(inherited)",
					"@executable_path/Frameworks",
				);
				PRODUCT_BUNDLE_IDENTIFIER = com.pandasdk.Example;
				PRODUCT_NAME = "PandaSDK Example";
				SWIFT_VERSION = 5.0;
				TARGETED_DEVICE_FAMILY = "1,2";
			};
			name = Release;
		};
/* End XCBuildConfiguration section */

/* Begin XCConfigurationList section */
		CDE8256C24AE2D9300824F65 /* Build configuration list for PBXProject "Example" */ = {
			isa = XCConfigurationList;
			buildConfigurations = (
				CDE8258324AE2D9500824F65 /* Debug */,
				CDE8258424AE2D9500824F65 /* Release */,
			);
			defaultConfigurationIsVisible = 0;
			defaultConfigurationName = Release;
		};
		CDE8258524AE2D9500824F65 /* Build configuration list for PBXNativeTarget "Example" */ = {
			isa = XCConfigurationList;
			buildConfigurations = (
				CDE8258624AE2D9500824F65 /* Debug */,
				CDE8258724AE2D9500824F65 /* Release */,
			);
			defaultConfigurationIsVisible = 0;
			defaultConfigurationName = Release;
		};
/* End XCConfigurationList section */
	};
	rootObject = CDE8256924AE2D9300824F65 /* Project object */;
}
